
Microsoft Visual Studio Solution File, Format Version 12.00
# Visual Studio 15
VisualStudioVersion = 15.0.28307.572
MinimumVisualStudioVersion = 10.0.40219.1
Project("{FAE04EC0-301F-11D3-BF4B-00C04F79EFBC}") = "Phonebook2WPF", "Phonebook2WPF\Phonebook2WPF.csproj", "{55EE2DE5-62FC-46C1-8781-EE87B0698D67}"
EndProject
Project("{FAE04EC0-301F-11D3-BF4B-00C04F79EFBC}") = "PhoneBook2", "..\PhoneBook2\PhoneBook2\PhoneBook2.csproj", "{DCDBB5CC-389D-4797-921C-FE093911CCF4}"
EndProject
Global
	GlobalSection(SolutionConfigurationPlatforms) = preSolution
		Debug|Any CPU = Debug|Any CPU
		Release|Any CPU = Release|Any CPU
	EndGlobalSection
	GlobalSection(ProjectConfigurationPlatforms) = postSolution
		{55EE2DE5-62FC-46C1-8781-EE87B0698D67}.Debug|Any CPU.ActiveCfg = Debug|Any CPU
		{55EE2DE5-62FC-46C1-8781-EE87B0698D67}.Debug|Any CPU.Build.0 = Debug|Any CPU
		{55EE2DE5-62FC-46C1-8781-EE87B0698D67}.Release|Any CPU.ActiveCfg = Release|Any CPU
		{55EE2DE5-62FC-46C1-8781-EE87B0698D67}.Release|Any CPU.Build.0 = Release|Any CPU
		{DCDBB5CC-389D-4797-921C-FE093911CCF4}.Debug|Any CPU.ActiveCfg = Debug|Any CPU
		{DCDBB5CC-389D-4797-921C-FE093911CCF4}.Debug|Any CPU.Build.0 = Debug|Any CPU
		{DCDBB5CC-389D-4797-921C-FE093911CCF4}.Release|Any CPU.ActiveCfg = Release|Any CPU
		{DCDBB5CC-389D-4797-921C-FE093911CCF4}.Release|Any CPU.Build.0 = Release|Any CPU
	EndGlobalSection
	GlobalSection(SolutionProperties) = preSolution
		HideSolutionNode = FALSE
	EndGlobalSection
	GlobalSection(ExtensibilityGlobals) = postSolution
		SolutionGuid = {8E0E0C86-8EA6-4B6F-A335-B3854E74C75F}
	EndGlobalSection
EndGlobal
