
Microsoft Visual Studio Solution File, Format Version 12.00
# Visual Studio 15
VisualStudioVersion = 15.0.28010.2046
MinimumVisualStudioVersion = 10.0.40219.1
Project("{FAE04EC0-301F-11D3-BF4B-00C04F79EFBC}") = "TaskTwoWPF", "H:\Desktop\6215-Assignment-1\Phonebook2WPF\Phonebook2WPF\TaskTwoWPF.csproj", "{55EE2DE5-62FC-46C1-8781-EE87B0698D67}"
EndProject
Project("{FAE04EC0-301F-11D3-BF4B-00C04F79EFBC}") = "TaskTwoConsole", "H:\Desktop\6215-Assignment-1\PhoneBook2\PhoneBook2\TaskTwoConsole.csproj", "{DCDBB5CC-389D-4797-921C-FE093911CCF4}"
EndProject
Project("{FAE04EC0-301F-11D3-BF4B-00C04F79EFBC}") = "CommonClasses", "CommonClasses\CommonClasses.csproj", "{497E706C-7675-4C0D-A7DF-C5FCB2D60544}"
EndProject
Project("{FAE04EC0-301F-11D3-BF4B-00C04F79EFBC}") = "TaskTwoWin Forms", "TaskTwoWin Forms\TaskTwoWin Forms.csproj", "{B2CC7DB1-81C0-4EDC-8A2D-6F1F23C69214}"
EndProject
Global
	GlobalSection(SolutionConfigurationPlatforms) = preSolution
		Debug|Any CPU = Debug|Any CPU
		Release|Any CPU = Release|Any CPU
	EndGlobalSection
	GlobalSection(ProjectConfigurationPlatforms) = postSolution
		{55EE2DE5-62FC-46C1-8781-EE87B0698D67}.Debug|Any CPU.ActiveCfg = Debug|Any CPU
		{55EE2DE5-62FC-46C1-8781-EE87B0698D67}.Debug|Any CPU.Build.0 = Debug|Any CPU
		{55EE2DE5-62FC-46C1-8781-EE87B0698D67}.Release|Any CPU.ActiveCfg = Release|Any CPU
		{55EE2DE5-62FC-46C1-8781-EE87B0698D67}.Release|Any CPU.Build.0 = Release|Any CPU
		{DCDBB5CC-389D-4797-921C-FE093911CCF4}.Debug|Any CPU.ActiveCfg = Debug|Any CPU
		{DCDBB5CC-389D-4797-921C-FE093911CCF4}.Debug|Any CPU.Build.0 = Debug|Any CPU
		{DCDBB5CC-389D-4797-921C-FE093911CCF4}.Release|Any CPU.ActiveCfg = Release|Any CPU
		{DCDBB5CC-389D-4797-921C-FE093911CCF4}.Release|Any CPU.Build.0 = Release|Any CPU
		{497E706C-7675-4C0D-A7DF-C5FCB2D60544}.Debug|Any CPU.ActiveCfg = Debug|Any CPU
		{497E706C-7675-4C0D-A7DF-C5FCB2D60544}.Debug|Any CPU.Build.0 = Debug|Any CPU
		{497E706C-7675-4C0D-A7DF-C5FCB2D60544}.Release|Any CPU.ActiveCfg = Release|Any CPU
		{497E706C-7675-4C0D-A7DF-C5FCB2D60544}.Release|Any CPU.Build.0 = Release|Any CPU
		{B2CC7DB1-81C0-4EDC-8A2D-6F1F23C69214}.Debug|Any CPU.ActiveCfg = Debug|Any CPU
		{B2CC7DB1-81C0-4EDC-8A2D-6F1F23C69214}.Debug|Any CPU.Build.0 = Debug|Any CPU
		{B2CC7DB1-81C0-4EDC-8A2D-6F1F23C69214}.Release|Any CPU.ActiveCfg = Release|Any CPU
		{B2CC7DB1-81C0-4EDC-8A2D-6F1F23C69214}.Release|Any CPU.Build.0 = Release|Any CPU
	EndGlobalSection
	GlobalSection(SolutionProperties) = preSolution
		HideSolutionNode = FALSE
	EndGlobalSection
	GlobalSection(ExtensibilityGlobals) = postSolution
		SolutionGuid = {ADA6547B-F9EB-4D6F-BEAE-8FC736A63CDC}
	EndGlobalSection
EndGlobal
