
Microsoft Visual Studio Solution File, Format Version 12.00
# Visual Studio 15
VisualStudioVersion = 15.0.28307.572
MinimumVisualStudioVersion = 10.0.40219.1
Project("{FAE04EC0-301F-11D3-BF4B-00C04F79EFBC}") = "TaskThreeCommon", "TaskThreeCommon\TaskThreeCommon.csproj", "{C4211083-D3D3-4BDD-9664-9E980220D252}"
EndProject
Project("{FAE04EC0-301F-11D3-BF4B-00C04F79EFBC}") = "TaskThreeConsole", "..\TaskThreeConsole\TaskThreeConsole\TaskThreeConsole.csproj", "{8D14E75E-4120-4C70-A4C9-A543DB6DFC32}"
EndProject
Project("{FAE04EC0-301F-11D3-BF4B-00C04F79EFBC}") = "TaskThreeWinForms", "..\TaskThreeWinForms\TaskThreeWinForms\TaskThreeWinForms.csproj", "{054C6ACF-8D7D-4103-867A-5DF62DBE32FF}"
EndProject
Project("{FAE04EC0-301F-11D3-BF4B-00C04F79EFBC}") = "TaskThreeWPF", "..\TaskThreeWPF\TaskThreeWPF\TaskThreeWPF.csproj", "{F01082BA-317E-460D-91C8-773DC20CB989}"
EndProject
Global
	GlobalSection(SolutionConfigurationPlatforms) = preSolution
		Debug|Any CPU = Debug|Any CPU
		Release|Any CPU = Release|Any CPU
	EndGlobalSection
	GlobalSection(ProjectConfigurationPlatforms) = postSolution
		{C4211083-D3D3-4BDD-9664-9E980220D252}.Debug|Any CPU.ActiveCfg = Debug|Any CPU
		{C4211083-D3D3-4BDD-9664-9E980220D252}.Debug|Any CPU.Build.0 = Debug|Any CPU
		{C4211083-D3D3-4BDD-9664-9E980220D252}.Release|Any CPU.ActiveCfg = Release|Any CPU
		{C4211083-D3D3-4BDD-9664-9E980220D252}.Release|Any CPU.Build.0 = Release|Any CPU
		{8D14E75E-4120-4C70-A4C9-A543DB6DFC32}.Debug|Any CPU.ActiveCfg = Debug|Any CPU
		{8D14E75E-4120-4C70-A4C9-A543DB6DFC32}.Debug|Any CPU.Build.0 = Debug|Any CPU
		{8D14E75E-4120-4C70-A4C9-A543DB6DFC32}.Release|Any CPU.ActiveCfg = Release|Any CPU
		{8D14E75E-4120-4C70-A4C9-A543DB6DFC32}.Release|Any CPU.Build.0 = Release|Any CPU
		{054C6ACF-8D7D-4103-867A-5DF62DBE32FF}.Debug|Any CPU.ActiveCfg = Debug|Any CPU
		{054C6ACF-8D7D-4103-867A-5DF62DBE32FF}.Debug|Any CPU.Build.0 = Debug|Any CPU
		{054C6ACF-8D7D-4103-867A-5DF62DBE32FF}.Release|Any CPU.ActiveCfg = Release|Any CPU
		{054C6ACF-8D7D-4103-867A-5DF62DBE32FF}.Release|Any CPU.Build.0 = Release|Any CPU
		{F01082BA-317E-460D-91C8-773DC20CB989}.Debug|Any CPU.ActiveCfg = Debug|Any CPU
		{F01082BA-317E-460D-91C8-773DC20CB989}.Debug|Any CPU.Build.0 = Debug|Any CPU
		{F01082BA-317E-460D-91C8-773DC20CB989}.Release|Any CPU.ActiveCfg = Release|Any CPU
		{F01082BA-317E-460D-91C8-773DC20CB989}.Release|Any CPU.Build.0 = Release|Any CPU
	EndGlobalSection
	GlobalSection(SolutionProperties) = preSolution
		HideSolutionNode = FALSE
	EndGlobalSection
	GlobalSection(ExtensibilityGlobals) = postSolution
		SolutionGuid = {76E42B57-D4A3-40D2-AB37-F8B27CBB3807}
	EndGlobalSection
EndGlobal
